{
    "version": 3,
    "terraform_version": "0.11.13",
    "serial": 12,
    "lineage": "1e064201-49ba-93fe-7740-261aaf31cf93",
    "modules": [
        {
            "path": [
                "root"
            ],
            "outputs": {},
            "resources": {
                "aws_lambda_function.rs_tracker_lamda": {
                    "type": "aws_lambda_function",
                    "depends_on": [],
                    "primary": {
                        "id": "rs_tracker_lambda",
                        "attributes": {
                            "arn": "arn:aws:lambda:eu-north-1:474307705618:function:rs_tracker_lambda",
                            "dead_letter_config.#": "0",
                            "description": "",
                            "environment.#": "1",
                            "environment.0.variables.%": "1",
                            "environment.0.variables.username": "woofythedog",
                            "filename": "rs_tracker_lambda.zip",
                            "function_name": "rs_tracker_lambda",
                            "handler": "rs_tracker_lambda.lambda_handler",
                            "id": "rs_tracker_lambda",
                            "invoke_arn": "arn:aws:apigateway:eu-north-1:lambda:path/2015-03-31/functions/arn:aws:lambda:eu-north-1:474307705618:function:rs_tracker_lambda/invocations",
                            "kms_key_arn": "",
                            "last_modified": "2019-04-13T23:47:06.321+0000",
                            "layers.#": "0",
                            "memory_size": "128",
                            "publish": "false",
                            "qualified_arn": "arn:aws:lambda:eu-north-1:474307705618:function:rs_tracker_lambda:$LATEST",
                            "reserved_concurrent_executions": "-1",
                            "role": "arn:aws:iam::474307705618:role/RsTrackerLambda",
                            "runtime": "python3.6",
                            "source_code_hash": "FwOUofLdZGjhqDs63f3CQRsaMMb8yNjmjPF02AGLMAE=",
                            "source_code_size": "7128157",
                            "tags.%": "0",
                            "timeout": "30",
                            "tracing_config.#": "1",
                            "tracing_config.0.mode": "PassThrough",
                            "version": "$LATEST",
                            "vpc_config.#": "0"
                        },
                        "meta": {
                            "e2bfb730-ecaa-11e6-8f88-34363bc7c4c0": {
                                "create": 600000000000
                            }
                        },
                        "tainted": false
                    },
                    "deposed": [],
                    "provider": "provider.aws"
                }
            },
            "depends_on": []
        }
    ]
}
